{
  "name": "gargantua",
  "version": "1.0.0",
  "lockfileVersion": 3,
  "requires": true,
  "packages": {
    "": {
      "name": "gargantua",
      "version": "1.0.0",
      "license": "MIT",
      "devDependencies": {
        "@shaderfrog/glsl-parser": "^7.0.1"
      }
    },
    "node_modules/@shaderfrog/glsl-parser": {
      "version": "7.0.1",
      "resolved": "https://registry.npmjs.org/@shaderfrog/glsl-parser/-/glsl-parser-7.0.1.tgz",
      "integrity": "sha512-8mpfsoPeRhesY3pOrzNZBL8uG6N5GVX1EHLBYbd4gzKs+c7vaEIqpTNK5VrffU33qQN4cwpP2v3u4aPPBU32sw==",
      "dev": true,
      "license": "ISC",
      "engines": {
        "node": ">=16"
      }
    }
  }
}
